
Microsoft Visual Studio Solution File, Format Version 12.00
Project("{FAE04EC0-301F-11D3-BF4B-00C04F79EFBC}") = "CsvToSql", "CsvToSql\CsvToSql.csproj", "{42AD9D53-B88C-46ED-A02F-782414BA5D1F}"
EndProject
Global
	GlobalSection(SolutionConfigurationPlatforms) = preSolution
		Debug|Any CPU = Debug|Any CPU
		Release|Any CPU = Release|Any CPU
	EndGlobalSection
	GlobalSection(ProjectConfigurationPlatforms) = postSolution
		{42AD9D53-B88C-46ED-A02F-782414BA5D1F}.Debug|Any CPU.ActiveCfg = Debug|Any CPU
		{42AD9D53-B88C-46ED-A02F-782414BA5D1F}.Debug|Any CPU.Build.0 = Debug|Any CPU
		{42AD9D53-B88C-46ED-A02F-782414BA5D1F}.Release|Any CPU.ActiveCfg = Release|Any CPU
		{42AD9D53-B88C-46ED-A02F-782414BA5D1F}.Release|Any CPU.Build.0 = Release|Any CPU
	EndGlobalSection
EndGlobal
